
Microsoft Visual Studio Solution File, Format Version 12.00
# Visual Studio Version 17
VisualStudioVersion = 17.13.35818.85 d17.13
MinimumVisualStudioVersion = 10.0.40219.1
Project("{FAE04EC0-301F-11D3-BF4B-00C04F79EFBC}") = "CompanyPortfolio", "CompanyPortfolio\CompanyPortfolio.csproj", "{53700C09-7025-48E4-AB8A-C4179A00CEE5}"
EndProject
Global
	GlobalSection(SolutionConfigurationPlatforms) = preSolution
		Debug|Any CPU = Debug|Any CPU
		Release|Any CPU = Release|Any CPU
	EndGlobalSection
	GlobalSection(ProjectConfigurationPlatforms) = postSolution
		{53700C09-7025-48E4-AB8A-C4179A00CEE5}.Debug|Any CPU.ActiveCfg = Debug|Any CPU
		{53700C09-7025-48E4-AB8A-C4179A00CEE5}.Debug|Any CPU.Build.0 = Debug|Any CPU
		{53700C09-7025-48E4-AB8A-C4179A00CEE5}.Release|Any CPU.ActiveCfg = Release|Any CPU
		{53700C09-7025-48E4-AB8A-C4179A00CEE5}.Release|Any CPU.Build.0 = Release|Any CPU
	EndGlobalSection
	GlobalSection(SolutionProperties) = preSolution
		HideSolutionNode = FALSE
	EndGlobalSection
	GlobalSection(ExtensibilityGlobals) = postSolution
		SolutionGuid = {C2C24DDD-5457-43FD-B0B1-A402FDCA795F}
	EndGlobalSection
EndGlobal
